
Microsoft Visual Studio Solution File, Format Version 12.00
# Visual Studio Version 16
VisualStudioVersion = 16.0.30804.86
MinimumVisualStudioVersion = 10.0.40219.1
Project("{FAE04EC0-301F-11D3-BF4B-00C04F79EFBC}") = "WebApplication1", "WebApplication1\WebApplication1.csproj", "{7E038112-DF31-4E6E-AB07-0B0867DAB784}"
EndProject
Project("{2150E333-8FDC-42A3-9474-1A3956D46DE8}") = "Solution Items", "Solution Items", "{3B6841F1-0644-4F5C-B2E5-198CA64EE752}"
	ProjectSection(SolutionItems) = preProject
		WebApplication1\WebApplication1.csproj = WebApplication1\WebApplication1.csproj
	EndProjectSection
EndProject
Global
	GlobalSection(SolutionConfigurationPlatforms) = preSolution
		Debug|Any CPU = Debug|Any CPU
		Release|Any CPU = Release|Any CPU
	EndGlobalSection
	GlobalSection(ProjectConfigurationPlatforms) = postSolution
		{7E038112-DF31-4E6E-AB07-0B0867DAB784}.Debug|Any CPU.ActiveCfg = Debug|Any CPU
		{7E038112-DF31-4E6E-AB07-0B0867DAB784}.Debug|Any CPU.Build.0 = Debug|Any CPU
		{7E038112-DF31-4E6E-AB07-0B0867DAB784}.Release|Any CPU.ActiveCfg = Release|Any CPU
		{7E038112-DF31-4E6E-AB07-0B0867DAB784}.Release|Any CPU.Build.0 = Release|Any CPU
	EndGlobalSection
	GlobalSection(SolutionProperties) = preSolution
		HideSolutionNode = FALSE
	EndGlobalSection
	GlobalSection(ExtensibilityGlobals) = postSolution
		SolutionGuid = {03532755-47BC-4AC9-8B56-33F858E08F02}
	EndGlobalSection
EndGlobal
